
Microsoft Visual Studio Solution File, Format Version 12.00
# Visual Studio 15
VisualStudioVersion = 15.0.26124.0
MinimumVisualStudioVersion = 15.0.26124.0
Project("{FAE04EC0-301F-11D3-BF4B-00C04F79EFBC}") = "Domain", "Domain\Domain.csproj", "{381D3A5F-D074-4985-9B90-C8BCF63868D1}"
EndProject
Project("{FAE04EC0-301F-11D3-BF4B-00C04F79EFBC}") = "Application", "Application\Application.csproj", "{3ACFEF30-DE60-4520-A97B-35D3B86AF205}"
EndProject
Project("{FAE04EC0-301F-11D3-BF4B-00C04F79EFBC}") = "Persistence", "Persistence\Persistence.csproj", "{B5B702B8-1BB3-4D5A-8604-DBA330824BE0}"
EndProject
Project("{FAE04EC0-301F-11D3-BF4B-00C04F79EFBC}") = "API", "API\API.csproj", "{003E25B0-4179-4F0B-B2AD-C53EEFEF72F7}"
EndProject
Global
	GlobalSection(SolutionConfigurationPlatforms) = preSolution
		Debug|Any CPU = Debug|Any CPU
		Debug|x64 = Debug|x64
		Debug|x86 = Debug|x86
		Release|Any CPU = Release|Any CPU
		Release|x64 = Release|x64
		Release|x86 = Release|x86
	EndGlobalSection
	GlobalSection(SolutionProperties) = preSolution
		HideSolutionNode = FALSE
	EndGlobalSection
	GlobalSection(ProjectConfigurationPlatforms) = postSolution
		{381D3A5F-D074-4985-9B90-C8BCF63868D1}.Debug|Any CPU.ActiveCfg = Debug|Any CPU
		{381D3A5F-D074-4985-9B90-C8BCF63868D1}.Debug|Any CPU.Build.0 = Debug|Any CPU
		{381D3A5F-D074-4985-9B90-C8BCF63868D1}.Debug|x64.ActiveCfg = Debug|Any CPU
		{381D3A5F-D074-4985-9B90-C8BCF63868D1}.Debug|x64.Build.0 = Debug|Any CPU
		{381D3A5F-D074-4985-9B90-C8BCF63868D1}.Debug|x86.ActiveCfg = Debug|Any CPU
		{381D3A5F-D074-4985-9B90-C8BCF63868D1}.Debug|x86.Build.0 = Debug|Any CPU
		{381D3A5F-D074-4985-9B90-C8BCF63868D1}.Release|Any CPU.ActiveCfg = Release|Any CPU
		{381D3A5F-D074-4985-9B90-C8BCF63868D1}.Release|Any CPU.Build.0 = Release|Any CPU
		{381D3A5F-D074-4985-9B90-C8BCF63868D1}.Release|x64.ActiveCfg = Release|Any CPU
		{381D3A5F-D074-4985-9B90-C8BCF63868D1}.Release|x64.Build.0 = Release|Any CPU
		{381D3A5F-D074-4985-9B90-C8BCF63868D1}.Release|x86.ActiveCfg = Release|Any CPU
		{381D3A5F-D074-4985-9B90-C8BCF63868D1}.Release|x86.Build.0 = Release|Any CPU
		{3ACFEF30-DE60-4520-A97B-35D3B86AF205}.Debug|Any CPU.ActiveCfg = Debug|Any CPU
		{3ACFEF30-DE60-4520-A97B-35D3B86AF205}.Debug|Any CPU.Build.0 = Debug|Any CPU
		{3ACFEF30-DE60-4520-A97B-35D3B86AF205}.Debug|x64.ActiveCfg = Debug|Any CPU
		{3ACFEF30-DE60-4520-A97B-35D3B86AF205}.Debug|x64.Build.0 = Debug|Any CPU
		{3ACFEF30-DE60-4520-A97B-35D3B86AF205}.Debug|x86.ActiveCfg = Debug|Any CPU
		{3ACFEF30-DE60-4520-A97B-35D3B86AF205}.Debug|x86.Build.0 = Debug|Any CPU
		{3ACFEF30-DE60-4520-A97B-35D3B86AF205}.Release|Any CPU.ActiveCfg = Release|Any CPU
		{3ACFEF30-DE60-4520-A97B-35D3B86AF205}.Release|Any CPU.Build.0 = Release|Any CPU
		{3ACFEF30-DE60-4520-A97B-35D3B86AF205}.Release|x64.ActiveCfg = Release|Any CPU
		{3ACFEF30-DE60-4520-A97B-35D3B86AF205}.Release|x64.Build.0 = Release|Any CPU
		{3ACFEF30-DE60-4520-A97B-35D3B86AF205}.Release|x86.ActiveCfg = Release|Any CPU
		{3ACFEF30-DE60-4520-A97B-35D3B86AF205}.Release|x86.Build.0 = Release|Any CPU
		{B5B702B8-1BB3-4D5A-8604-DBA330824BE0}.Debug|Any CPU.ActiveCfg = Debug|Any CPU
		{B5B702B8-1BB3-4D5A-8604-DBA330824BE0}.Debug|Any CPU.Build.0 = Debug|Any CPU
		{B5B702B8-1BB3-4D5A-8604-DBA330824BE0}.Debug|x64.ActiveCfg = Debug|Any CPU
		{B5B702B8-1BB3-4D5A-8604-DBA330824BE0}.Debug|x64.Build.0 = Debug|Any CPU
		{B5B702B8-1BB3-4D5A-8604-DBA330824BE0}.Debug|x86.ActiveCfg = Debug|Any CPU
		{B5B702B8-1BB3-4D5A-8604-DBA330824BE0}.Debug|x86.Build.0 = Debug|Any CPU
		{B5B702B8-1BB3-4D5A-8604-DBA330824BE0}.Release|Any CPU.ActiveCfg = Release|Any CPU
		{B5B702B8-1BB3-4D5A-8604-DBA330824BE0}.Release|Any CPU.Build.0 = Release|Any CPU
		{B5B702B8-1BB3-4D5A-8604-DBA330824BE0}.Release|x64.ActiveCfg = Release|Any CPU
		{B5B702B8-1BB3-4D5A-8604-DBA330824BE0}.Release|x64.Build.0 = Release|Any CPU
		{B5B702B8-1BB3-4D5A-8604-DBA330824BE0}.Release|x86.ActiveCfg = Release|Any CPU
		{B5B702B8-1BB3-4D5A-8604-DBA330824BE0}.Release|x86.Build.0 = Release|Any CPU
		{003E25B0-4179-4F0B-B2AD-C53EEFEF72F7}.Debug|Any CPU.ActiveCfg = Debug|Any CPU
		{003E25B0-4179-4F0B-B2AD-C53EEFEF72F7}.Debug|Any CPU.Build.0 = Debug|Any CPU
		{003E25B0-4179-4F0B-B2AD-C53EEFEF72F7}.Debug|x64.ActiveCfg = Debug|Any CPU
		{003E25B0-4179-4F0B-B2AD-C53EEFEF72F7}.Debug|x64.Build.0 = Debug|Any CPU
		{003E25B0-4179-4F0B-B2AD-C53EEFEF72F7}.Debug|x86.ActiveCfg = Debug|Any CPU
		{003E25B0-4179-4F0B-B2AD-C53EEFEF72F7}.Debug|x86.Build.0 = Debug|Any CPU
		{003E25B0-4179-4F0B-B2AD-C53EEFEF72F7}.Release|Any CPU.ActiveCfg = Release|Any CPU
		{003E25B0-4179-4F0B-B2AD-C53EEFEF72F7}.Release|Any CPU.Build.0 = Release|Any CPU
		{003E25B0-4179-4F0B-B2AD-C53EEFEF72F7}.Release|x64.ActiveCfg = Release|Any CPU
		{003E25B0-4179-4F0B-B2AD-C53EEFEF72F7}.Release|x64.Build.0 = Release|Any CPU
		{003E25B0-4179-4F0B-B2AD-C53EEFEF72F7}.Release|x86.ActiveCfg = Release|Any CPU
		{003E25B0-4179-4F0B-B2AD-C53EEFEF72F7}.Release|x86.Build.0 = Release|Any CPU
	EndGlobalSection
EndGlobal
